
Microsoft Visual Studio Solution File, Format Version 12.00
# Visual Studio Version 17
VisualStudioVersion = 17.3.32804.467
MinimumVisualStudioVersion = 10.0.40219.1
Project("{FAE04EC0-301F-11D3-BF4B-00C04F79EFBC}") = "ProyectoTablero.InterfazGrafica", "ProyectoTablero.InterfazGrafica\ProyectoTablero.InterfazGrafica.csproj", "{8CF213E3-624B-4BA5-B789-B7A183FCBBF6}"
EndProject
Project("{FAE04EC0-301F-11D3-BF4B-00C04F79EFBC}") = "ProyectoTablero.Dominio", "ProyectoTablero.Dominio\ProyectoTablero.Dominio.csproj", "{39A9E061-718E-44FE-B911-C1A96256B9F3}"
EndProject
Global
	GlobalSection(SolutionConfigurationPlatforms) = preSolution
		Debug|Any CPU = Debug|Any CPU
		Release|Any CPU = Release|Any CPU
	EndGlobalSection
	GlobalSection(ProjectConfigurationPlatforms) = postSolution
		{8CF213E3-624B-4BA5-B789-B7A183FCBBF6}.Debug|Any CPU.ActiveCfg = Debug|Any CPU
		{8CF213E3-624B-4BA5-B789-B7A183FCBBF6}.Debug|Any CPU.Build.0 = Debug|Any CPU
		{8CF213E3-624B-4BA5-B789-B7A183FCBBF6}.Release|Any CPU.ActiveCfg = Release|Any CPU
		{8CF213E3-624B-4BA5-B789-B7A183FCBBF6}.Release|Any CPU.Build.0 = Release|Any CPU
		{39A9E061-718E-44FE-B911-C1A96256B9F3}.Debug|Any CPU.ActiveCfg = Debug|Any CPU
		{39A9E061-718E-44FE-B911-C1A96256B9F3}.Debug|Any CPU.Build.0 = Debug|Any CPU
		{39A9E061-718E-44FE-B911-C1A96256B9F3}.Release|Any CPU.ActiveCfg = Release|Any CPU
		{39A9E061-718E-44FE-B911-C1A96256B9F3}.Release|Any CPU.Build.0 = Release|Any CPU
	EndGlobalSection
	GlobalSection(SolutionProperties) = preSolution
		HideSolutionNode = FALSE
	EndGlobalSection
	GlobalSection(ExtensibilityGlobals) = postSolution
		SolutionGuid = {1F68EFA6-958B-4C6A-B9E6-3BF156C97A86}
	EndGlobalSection
EndGlobal
